
Microsoft Visual Studio Solution File, Format Version 12.00
# Visual Studio Version 17
VisualStudioVersion = 17.13.35913.81 d17.13
MinimumVisualStudioVersion = 10.0.40219.1
Project("{FAE04EC0-301F-11D3-BF4B-00C04F79EFBC}") = "Presentation", "Presentation\Presentation.csproj", "{BEB4B05A-0949-4E9B-98DF-4FE50796E9EA}"
EndProject
Project("{FAE04EC0-301F-11D3-BF4B-00C04F79EFBC}") = "BLL", "BLL\BLL.csproj", "{A92C5BE2-3D2D-488B-908D-7B1E2A6E0270}"
EndProject
Project("{FAE04EC0-301F-11D3-BF4B-00C04F79EFBC}") = "DAL", "DAL\DAL.csproj", "{EBC4C4D4-656A-457B-8793-EC7AA890B296}"
EndProject
Global
	GlobalSection(SolutionConfigurationPlatforms) = preSolution
		Debug|Any CPU = Debug|Any CPU
		Release|Any CPU = Release|Any CPU
	EndGlobalSection
	GlobalSection(ProjectConfigurationPlatforms) = postSolution
		{BEB4B05A-0949-4E9B-98DF-4FE50796E9EA}.Debug|Any CPU.ActiveCfg = Debug|Any CPU
		{BEB4B05A-0949-4E9B-98DF-4FE50796E9EA}.Debug|Any CPU.Build.0 = Debug|Any CPU
		{BEB4B05A-0949-4E9B-98DF-4FE50796E9EA}.Release|Any CPU.ActiveCfg = Release|Any CPU
		{BEB4B05A-0949-4E9B-98DF-4FE50796E9EA}.Release|Any CPU.Build.0 = Release|Any CPU
		{A92C5BE2-3D2D-488B-908D-7B1E2A6E0270}.Debug|Any CPU.ActiveCfg = Debug|Any CPU
		{A92C5BE2-3D2D-488B-908D-7B1E2A6E0270}.Debug|Any CPU.Build.0 = Debug|Any CPU
		{A92C5BE2-3D2D-488B-908D-7B1E2A6E0270}.Release|Any CPU.ActiveCfg = Release|Any CPU
		{A92C5BE2-3D2D-488B-908D-7B1E2A6E0270}.Release|Any CPU.Build.0 = Release|Any CPU
		{EBC4C4D4-656A-457B-8793-EC7AA890B296}.Debug|Any CPU.ActiveCfg = Debug|Any CPU
		{EBC4C4D4-656A-457B-8793-EC7AA890B296}.Debug|Any CPU.Build.0 = Debug|Any CPU
		{EBC4C4D4-656A-457B-8793-EC7AA890B296}.Release|Any CPU.ActiveCfg = Release|Any CPU
		{EBC4C4D4-656A-457B-8793-EC7AA890B296}.Release|Any CPU.Build.0 = Release|Any CPU
	EndGlobalSection
	GlobalSection(SolutionProperties) = preSolution
		HideSolutionNode = FALSE
	EndGlobalSection
	GlobalSection(ExtensibilityGlobals) = postSolution
		SolutionGuid = {056D48E4-9C40-49B6-97DA-4302F63072F4}
	EndGlobalSection
EndGlobal
